# THIS IS AN AUTOGENERATED FILE. DO NOT EDIT THIS FILE DIRECTLY.
# yarn lockfile v1


sweetalert2@^11.14.3:
  version "11.14.3"
  resolved "https://registry.yarnpkg.com/sweetalert2/-/sweetalert2-11.14.3.tgz#b8c182d66ebc7afeb41f6f367e9ec03287059768"
  integrity sha512-6NuBHWJCv2gtw4y8PUXLB41hty+V6U2mKZMAvydL1IRPcORR0yuyq3cjFD/+ByrCk3muEFggbZX/x6HwmbVfbA==
